
Microsoft Visual Studio Solution File, Format Version 12.00
# Visual Studio Version 16
VisualStudioVersion = 16.0.29001.49
MinimumVisualStudioVersion = 10.0.40219.1
Project("{FAE04EC0-301F-11D3-BF4B-00C04F79EFBC}") = "ModificadoresDeAcceso", "ModificadoresDeAcceso\ModificadoresDeAcceso.csproj", "{A14101D3-006A-4A0A-BA14-4D1D4CB04967}"
EndProject
Global
	GlobalSection(SolutionConfigurationPlatforms) = preSolution
		Debug|Any CPU = Debug|Any CPU
		Release|Any CPU = Release|Any CPU
	EndGlobalSection
	GlobalSection(ProjectConfigurationPlatforms) = postSolution
		{A14101D3-006A-4A0A-BA14-4D1D4CB04967}.Debug|Any CPU.ActiveCfg = Debug|Any CPU
		{A14101D3-006A-4A0A-BA14-4D1D4CB04967}.Debug|Any CPU.Build.0 = Debug|Any CPU
		{A14101D3-006A-4A0A-BA14-4D1D4CB04967}.Release|Any CPU.ActiveCfg = Release|Any CPU
		{A14101D3-006A-4A0A-BA14-4D1D4CB04967}.Release|Any CPU.Build.0 = Release|Any CPU
	EndGlobalSection
	GlobalSection(SolutionProperties) = preSolution
		HideSolutionNode = FALSE
	EndGlobalSection
	GlobalSection(ExtensibilityGlobals) = postSolution
		SolutionGuid = {D6756F9A-7F14-4F1C-A945-2B237E3BE799}
	EndGlobalSection
EndGlobal
